// !$*UTF8*$!
{
	archiveVersion = 1;
	classes = {
	};
	objectVersion = 56;
	objects = {

/* Begin PBXBuildFile section */
		AE486AEC28FC24D6003651E1 /* main.cpp in Sources */ = {isa = PBXBuildFile; fileRef = AE486AEB28FC24D6003651E1 /* main.cpp */; };
		AE486AF428FC24DE003651E1 /* GLUT.framework in Frameworks */ = {isa = PBXBuildFile; fileRef = AE486AF328FC24DE003651E1 /* GLUT.framework */; };
		AE486AF628FC24E9003651E1 /* OpenGL.framework in Frameworks */ = {isa = PBXBuildFile; fileRef = AE486AF528FC24E9003651E1 /* OpenGL.framework */; };
		AE486AFD28FC2544003651E1 /* sgi.c in Sources */ = {isa = PBXBuildFile; fileRef = AE486AF828FC2544003651E1 /* sgi.c */; };
		AE486AFE28FC2544003651E1 /* bmp.c in Sources */ = {isa = PBXBuildFile; fileRef = AE486AFB28FC2544003651E1 /* bmp.c */; };
		AE486AFF28FC2544003651E1 /* imgp.c in Sources */ = {isa = PBXBuildFile; fileRef = AE486AFC28FC2544003651E1 /* imgp.c */; };
/* End PBXBuildFile section */

/* Begin PBXCopyFilesBuildPhase section */
		AE486AE628FC24D6003651E1 /* CopyFiles */ = {
			isa = PBXCopyFilesBuildPhase;
			buildActionMask = 2147483647;
			dstPath = /usr/share/man/man1/;
			dstSubfolderSpec = 0;
			files = (
			);
			runOnlyForDeploymentPostprocessing = 1;
		};
/* End PBXCopyFilesBuildPhase section */

/* Begin PBXFileReference section */
		AE486AE828FC24D6003651E1 /* ImageProcessingProgram */ = {isa = PBXFileReference; explicitFileType = "compiled.mach-o.executable"; includeInIndex = 0; path = ImageProcessingProgram; sourceTree = BUILT_PRODUCTS_DIR; };
		AE486AEB28FC24D6003651E1 /* main.cpp */ = {isa = PBXFileReference; lastKnownFileType = sourcecode.cpp.cpp; path = main.cpp; sourceTree = "<group>"; };
		AE486AF328FC24DE003651E1 /* GLUT.framework */ = {isa = PBXFileReference; lastKnownFileType = wrapper.framework; name = GLUT.framework; path = System/Library/Frameworks/GLUT.framework; sourceTree = SDKROOT; };
		AE486AF528FC24E9003651E1 /* OpenGL.framework */ = {isa = PBXFileReference; lastKnownFileType = wrapper.framework; name = OpenGL.framework; path = System/Library/Frameworks/OpenGL.framework; sourceTree = SDKROOT; };
		AE486AF728FC2544003651E1 /* train.bmp */ = {isa = PBXFileReference; lastKnownFileType = image.bmp; path = train.bmp; sourceTree = "<group>"; };
		AE486AF828FC2544003651E1 /* sgi.c */ = {isa = PBXFileReference; fileEncoding = 4; lastKnownFileType = sourcecode.c.c; path = sgi.c; sourceTree = "<group>"; };
		AE486AF928FC2544003651E1 /* sgi.h */ = {isa = PBXFileReference; fileEncoding = 4; lastKnownFileType = sourcecode.c.h; path = sgi.h; sourceTree = "<group>"; };
		AE486AFA28FC2544003651E1 /* test.bmp */ = {isa = PBXFileReference; lastKnownFileType = image.bmp; path = test.bmp; sourceTree = "<group>"; };
		AE486AFB28FC2544003651E1 /* bmp.c */ = {isa = PBXFileReference; fileEncoding = 4; lastKnownFileType = sourcecode.c.c; path = bmp.c; sourceTree = "<group>"; };
		AE486AFC28FC2544003651E1 /* imgp.c */ = {isa = PBXFileReference; fileEncoding = 4; lastKnownFileType = sourcecode.c.c; path = imgp.c; sourceTree = "<group>"; };
		AE486B0028FC254B003651E1 /* test2.bmp */ = {isa = PBXFileReference; lastKnownFileType = image.bmp; path = test2.bmp; sourceTree = "<group>"; };
		AE486B0128FC694C003651E1 /* sample.rgb */ = {isa = PBXFileReference; lastKnownFileType = file; path = sample.rgb; sourceTree = "<group>"; };
/* End PBXFileReference section */

/* Begin PBXFrameworksBuildPhase section */
		AE486AE528FC24D6003651E1 /* Frameworks */ = {
			isa = PBXFrameworksBuildPhase;
			buildActionMask = 2147483647;
			files = (
				AE486AF428FC24DE003651E1 /* GLUT.framework in Frameworks */,
				AE486AF628FC24E9003651E1 /* OpenGL.framework in Frameworks */,
			);
			runOnlyForDeploymentPostprocessing = 0;
		};
/* End PBXFrameworksBuildPhase section */

/* Begin PBXGroup section */
		AE486ADF28FC24D6003651E1 = {
			isa = PBXGroup;
			children = (
				AE486AEA28FC24D6003651E1 /* ImageProcessingProgram */,
				AE486AE928FC24D6003651E1 /* Products */,
				AE486AF228FC24DE003651E1 /* Frameworks */,
			);
			sourceTree = "<group>";
		};
		AE486AE928FC24D6003651E1 /* Products */ = {
			isa = PBXGroup;
			children = (
				AE486AE828FC24D6003651E1 /* ImageProcessingProgram */,
			);
			name = Products;
			sourceTree = "<group>";
		};
		AE486AEA28FC24D6003651E1 /* ImageProcessingProgram */ = {
			isa = PBXGroup;
			children = (
				AE486B0128FC694C003651E1 /* sample.rgb */,
				AE486AFB28FC2544003651E1 /* bmp.c */,
				AE486AFC28FC2544003651E1 /* imgp.c */,
				AE486AF828FC2544003651E1 /* sgi.c */,
				AE486AF928FC2544003651E1 /* sgi.h */,
				AE486AF728FC2544003651E1 /* train.bmp */,
				AE486AFA28FC2544003651E1 /* test.bmp */,
				AE486B0028FC254B003651E1 /* test2.bmp */,
				AE486AEB28FC24D6003651E1 /* main.cpp */,
			);
			path = ImageProcessingProgram;
			sourceTree = "<group>";
		};
		AE486AF228FC24DE003651E1 /* Frameworks */ = {
			isa = PBXGroup;
			children = (
				AE486AF528FC24E9003651E1 /* OpenGL.framework */,
				AE486AF328FC24DE003651E1 /* GLUT.framework */,
			);
			name = Frameworks;
			sourceTree = "<group>";
		};
/* End PBXGroup section */

/* Begin PBXNativeTarget section */
		AE486AE728FC24D6003651E1 /* ImageProcessingProgram */ = {
			isa = PBXNativeTarget;
			buildConfigurationList = AE486AEF28FC24D6003651E1 /* Build configuration list for PBXNativeTarget "ImageProcessingProgram" */;
			buildPhases = (
				AE486AE428FC24D6003651E1 /* Sources */,
				AE486AE528FC24D6003651E1 /* Frameworks */,
				AE486AE628FC24D6003651E1 /* CopyFiles */,
			);
			buildRules = (
			);
			dependencies = (
			);
			name = ImageProcessingProgram;
			productName = ImageProcessingProgram;
			productReference = AE486AE828FC24D6003651E1 /* ImageProcessingProgram */;
			productType = "com.apple.product-type.tool";
		};
/* End PBXNativeTarget section */

/* Begin PBXProject section */
		AE486AE028FC24D6003651E1 /* Project object */ = {
			isa = PBXProject;
			attributes = {
				BuildIndependentTargetsInParallel = 1;
				LastUpgradeCheck = 1400;
				TargetAttributes = {
					AE486AE728FC24D6003651E1 = {
						CreatedOnToolsVersion = 14.0.1;
					};
				};
			};
			buildConfigurationList = AE486AE328FC24D6003651E1 /* Build configuration list for PBXProject "ImageProcessingProgram" */;
			compatibilityVersion = "Xcode 14.0";
			developmentRegion = en;
			hasScannedForEncodings = 0;
			knownRegions = (
				en,
				Base,
			);
			mainGroup = AE486ADF28FC24D6003651E1;
			productRefGroup = AE486AE928FC24D6003651E1 /* Products */;
			projectDirPath = "";
			projectRoot = "";
			targets = (
				AE486AE728FC24D6003651E1 /* ImageProcessingProgram */,
			);
		};
/* End PBXProject section */

/* Begin PBXSourcesBuildPhase section */
		AE486AE428FC24D6003651E1 /* Sources */ = {
			isa = PBXSourcesBuildPhase;
			buildActionMask = 2147483647;
			files = (
				AE486AFF28FC2544003651E1 /* imgp.c in Sources */,
				AE486AFE28FC2544003651E1 /* bmp.c in Sources */,
				AE486AEC28FC24D6003651E1 /* main.cpp in Sources */,
				AE486AFD28FC2544003651E1 /* sgi.c in Sources */,
			);
			runOnlyForDeploymentPostprocessing = 0;
		};
/* End PBXSourcesBuildPhase section */

/* Begin XCBuildConfiguration section */
		AE486AED28FC24D6003651E1 /* Debug */ = {
			isa = XCBuildConfiguration;
			buildSettings = {
				ALWAYS_SEARCH_USER_PATHS = NO;
				CLANG_ANALYZER_NONNULL = YES;
				CLANG_ANALYZER_NUMBER_OBJECT_CONVERSION = YES_AGGRESSIVE;
				CLANG_CXX_LANGUAGE_STANDARD = "gnu++20";
				CLANG_ENABLE_MODULES = YES;
				CLANG_ENABLE_OBJC_ARC = YES;
				CLANG_ENABLE_OBJC_WEAK = YES;
				CLANG_WARN_BLOCK_CAPTURE_AUTORELEASING = YES;
				CLANG_WARN_BOOL_CONVERSION = YES;
				CLANG_WARN_COMMA = YES;
				CLANG_WARN_CONSTANT_CONVERSION = YES;
				CLANG_WARN_DEPRECATED_OBJC_IMPLEMENTATIONS = YES;
				CLANG_WARN_DIRECT_OBJC_ISA_USAGE = YES_ERROR;
				CLANG_WARN_DOCUMENTATION_COMMENTS = YES;
				CLANG_WARN_EMPTY_BODY = YES;
				CLANG_WARN_ENUM_CONVERSION = YES;
				CLANG_WARN_INFINITE_RECURSION = YES;
				CLANG_WARN_INT_CONVERSION = YES;
				CLANG_WARN_NON_LITERAL_NULL_CONVERSION = YES;
				CLANG_WARN_OBJC_IMPLICIT_RETAIN_SELF = YES;
				CLANG_WARN_OBJC_LITERAL_CONVERSION = YES;
				CLANG_WARN_OBJC_ROOT_CLASS = YES_ERROR;
				CLANG_WARN_QUOTED_INCLUDE_IN_FRAMEWORK_HEADER = YES;
				CLANG_WARN_RANGE_LOOP_ANALYSIS = YES;
				CLANG_WARN_STRICT_PROTOTYPES = YES;
				CLANG_WARN_SUSPICIOUS_MOVE = YES;
				CLANG_WARN_UNGUARDED_AVAILABILITY = YES_AGGRESSIVE;
				CLANG_WARN_UNREACHABLE_CODE = YES;
				CLANG_WARN__DUPLICATE_METHOD_MATCH = YES;
				COPY_PHASE_STRIP = NO;
				DEBUG_INFORMATION_FORMAT = dwarf;
				ENABLE_STRICT_OBJC_MSGSEND = YES;
				ENABLE_TESTABILITY = YES;
				GCC_C_LANGUAGE_STANDARD = gnu11;
				GCC_DYNAMIC_NO_PIC = NO;
				GCC_NO_COMMON_BLOCKS = YES;
				GCC_OPTIMIZATION_LEVEL = 0;
				GCC_PREPROCESSOR_DEFINITIONS = (
					"DEBUG=1",
					"$(inherited)",
				);
				GCC_WARN_64_TO_32_BIT_CONVERSION = YES;
				GCC_WARN_ABOUT_RETURN_TYPE = YES_ERROR;
				GCC_WARN_UNDECLARED_SELECTOR = YES;
				GCC_WARN_UNINITIALIZED_AUTOS = YES_AGGRESSIVE;
				GCC_WARN_UNUSED_FUNCTION = YES;
				GCC_WARN_UNUSED_VARIABLE = YES;
				MACOSX_DEPLOYMENT_TARGET = 12.3;
				MTL_ENABLE_DEBUG_INFO = INCLUDE_SOURCE;
				MTL_FAST_MATH = YES;
				ONLY_ACTIVE_ARCH = YES;
				SDKROOT = macosx;
			};
			name = Debug;
		};
		AE486AEE28FC24D6003651E1 /* Release */ = {
			isa = XCBuildConfiguration;
			buildSettings = {
				ALWAYS_SEARCH_USER_PATHS = NO;
				CLANG_ANALYZER_NONNULL = YES;
				CLANG_ANALYZER_NUMBER_OBJECT_CONVERSION = YES_AGGRESSIVE;
				CLANG_CXX_LANGUAGE_STANDARD = "gnu++20";
				CLANG_ENABLE_MODULES = YES;
				CLANG_ENABLE_OBJC_ARC = YES;
				CLANG_ENABLE_OBJC_WEAK = YES;
				CLANG_WARN_BLOCK_CAPTURE_AUTORELEASING = YES;
				CLANG_WARN_BOOL_CONVERSION = YES;
				CLANG_WARN_COMMA = YES;
				CLANG_WARN_CONSTANT_CONVERSION = YES;
				CLANG_WARN_DEPRECATED_OBJC_IMPLEMENTATIONS = YES;
				CLANG_WARN_DIRECT_OBJC_ISA_USAGE = YES_ERROR;
				CLANG_WARN_DOCUMENTATION_COMMENTS = YES;
				CLANG_WARN_EMPTY_BODY = YES;
				CLANG_WARN_ENUM_CONVERSION = YES;
				CLANG_WARN_INFINITE_RECURSION = YES;
				CLANG_WARN_INT_CONVERSION = YES;
				CLANG_WARN_NON_LITERAL_NULL_CONVERSION = YES;
				CLANG_WARN_OBJC_IMPLICIT_RETAIN_SELF = YES;
				CLANG_WARN_OBJC_LITERAL_CONVERSION = YES;
				CLANG_WARN_OBJC_ROOT_CLASS = YES_ERROR;
				CLANG_WARN_QUOTED_INCLUDE_IN_FRAMEWORK_HEADER = YES;
				CLANG_WARN_RANGE_LOOP_ANALYSIS = YES;
				CLANG_WARN_STRICT_PROTOTYPES = YES;
				CLANG_WARN_SUSPICIOUS_MOVE = YES;
				CLANG_WARN_UNGUARDED_AVAILABILITY = YES_AGGRESSIVE;
				CLANG_WARN_UNREACHABLE_CODE = YES;
				CLANG_WARN__DUPLICATE_METHOD_MATCH = YES;
				COPY_PHASE_STRIP = NO;
				DEBUG_INFORMATION_FORMAT = "dwarf-with-dsym";
				ENABLE_NS_ASSERTIONS = NO;
				ENABLE_STRICT_OBJC_MSGSEND = YES;
				GCC_C_LANGUAGE_STANDARD = gnu11;
				GCC_NO_COMMON_BLOCKS = YES;
				GCC_WARN_64_TO_32_BIT_CONVERSION = YES;
				GCC_WARN_ABOUT_RETURN_TYPE = YES_ERROR;
				GCC_WARN_UNDECLARED_SELECTOR = YES;
				GCC_WARN_UNINITIALIZED_AUTOS = YES_AGGRESSIVE;
				GCC_WARN_UNUSED_FUNCTION = YES;
				GCC_WARN_UNUSED_VARIABLE = YES;
				MACOSX_DEPLOYMENT_TARGET = 12.3;
				MTL_ENABLE_DEBUG_INFO = NO;
				MTL_FAST_MATH = YES;
				SDKROOT = macosx;
			};
			name = Release;
		};
		AE486AF028FC24D6003651E1 /* Debug */ = {
			isa = XCBuildConfiguration;
			buildSettings = {
				CODE_SIGN_STYLE = Automatic;
				DEVELOPMENT_TEAM = KJDC2Y8H65;
				ENABLE_HARDENED_RUNTIME = YES;
				GCC_INPUT_FILETYPE = sourcecode.cpp.cpp;
				PRODUCT_NAME = "$(TARGET_NAME)";
			};
			name = Debug;
		};
		AE486AF128FC24D6003651E1 /* Release */ = {
			isa = XCBuildConfiguration;
			buildSettings = {
				CODE_SIGN_STYLE = Automatic;
				DEVELOPMENT_TEAM = KJDC2Y8H65;
				ENABLE_HARDENED_RUNTIME = YES;
				GCC_INPUT_FILETYPE = sourcecode.cpp.cpp;
				PRODUCT_NAME = "$(TARGET_NAME)";
			};
			name = Release;
		};
/* End XCBuildConfiguration section */

/* Begin XCConfigurationList section */
		AE486AE328FC24D6003651E1 /* Build configuration list for PBXProject "ImageProcessingProgram" */ = {
			isa = XCConfigurationList;
			buildConfigurations = (
				AE486AED28FC24D6003651E1 /* Debug */,
				AE486AEE28FC24D6003651E1 /* Release */,
			);
			defaultConfigurationIsVisible = 0;
			defaultConfigurationName = Release;
		};
		AE486AEF28FC24D6003651E1 /* Build configuration list for PBXNativeTarget "ImageProcessingProgram" */ = {
			isa = XCConfigurationList;
			buildConfigurations = (
				AE486AF028FC24D6003651E1 /* Debug */,
				AE486AF128FC24D6003651E1 /* Release */,
			);
			defaultConfigurationIsVisible = 0;
			defaultConfigurationName = Release;
		};
/* End XCConfigurationList section */
	};
	rootObject = AE486AE028FC24D6003651E1 /* Project object */;
}
